
Microsoft Visual Studio Solution File, Format Version 12.00
# Visual Studio 15
VisualStudioVersion = 15.0.28307.1300
MinimumVisualStudioVersion = 10.0.40219.1
Project("{FAE04EC0-301F-11D3-BF4B-00C04F79EFBC}") = "GlicemiasApp", "GlicemiasApp\GlicemiasApp.csproj", "{83E78294-D88D-4260-963A-29E7AFDAD532}"
EndProject
Project("{FAE04EC0-301F-11D3-BF4B-00C04F79EFBC}") = "GlicemiasBaseDados", "GlicemiasBaseDados\GlicemiasBaseDados.csproj", "{C20530EA-88B2-4FD6-B204-5DDB5D9229E5}"
EndProject
Project("{9A19103F-16F7-4668-BE54-9A1E7A4F7556}") = "GlicemiasApp.Test", "Glicemias.Domain.Test\GlicemiasApp.Test.csproj", "{4CE0C1F7-88B5-4580-BD33-EF8B9A5A8BB1}"
	ProjectSection(ProjectDependencies) = postProject
		{C20530EA-88B2-4FD6-B204-5DDB5D9229E5} = {C20530EA-88B2-4FD6-B204-5DDB5D9229E5}
	EndProjectSection
EndProject
Project("{FAE04EC0-301F-11D3-BF4B-00C04F79EFBC}") = "GlicemiasApp.Control", "GlicemiasApp.Control\GlicemiasApp.Control.csproj", "{CF65CA1C-7106-4ABA-94F4-3D3B7B85ACAA}"
EndProject
Global
	GlobalSection(SolutionConfigurationPlatforms) = preSolution
		Debug|Any CPU = Debug|Any CPU
		Release|Any CPU = Release|Any CPU
	EndGlobalSection
	GlobalSection(ProjectConfigurationPlatforms) = postSolution
		{83E78294-D88D-4260-963A-29E7AFDAD532}.Debug|Any CPU.ActiveCfg = Debug|Any CPU
		{83E78294-D88D-4260-963A-29E7AFDAD532}.Debug|Any CPU.Build.0 = Debug|Any CPU
		{83E78294-D88D-4260-963A-29E7AFDAD532}.Release|Any CPU.ActiveCfg = Release|Any CPU
		{83E78294-D88D-4260-963A-29E7AFDAD532}.Release|Any CPU.Build.0 = Release|Any CPU
		{C20530EA-88B2-4FD6-B204-5DDB5D9229E5}.Debug|Any CPU.ActiveCfg = Debug|Any CPU
		{C20530EA-88B2-4FD6-B204-5DDB5D9229E5}.Debug|Any CPU.Build.0 = Debug|Any CPU
		{C20530EA-88B2-4FD6-B204-5DDB5D9229E5}.Release|Any CPU.ActiveCfg = Release|Any CPU
		{C20530EA-88B2-4FD6-B204-5DDB5D9229E5}.Release|Any CPU.Build.0 = Release|Any CPU
		{4CE0C1F7-88B5-4580-BD33-EF8B9A5A8BB1}.Debug|Any CPU.ActiveCfg = Debug|Any CPU
		{4CE0C1F7-88B5-4580-BD33-EF8B9A5A8BB1}.Debug|Any CPU.Build.0 = Debug|Any CPU
		{4CE0C1F7-88B5-4580-BD33-EF8B9A5A8BB1}.Release|Any CPU.ActiveCfg = Release|Any CPU
		{4CE0C1F7-88B5-4580-BD33-EF8B9A5A8BB1}.Release|Any CPU.Build.0 = Release|Any CPU
		{CF65CA1C-7106-4ABA-94F4-3D3B7B85ACAA}.Debug|Any CPU.ActiveCfg = Debug|Any CPU
		{CF65CA1C-7106-4ABA-94F4-3D3B7B85ACAA}.Debug|Any CPU.Build.0 = Debug|Any CPU
		{CF65CA1C-7106-4ABA-94F4-3D3B7B85ACAA}.Release|Any CPU.ActiveCfg = Release|Any CPU
		{CF65CA1C-7106-4ABA-94F4-3D3B7B85ACAA}.Release|Any CPU.Build.0 = Release|Any CPU
	EndGlobalSection
	GlobalSection(SolutionProperties) = preSolution
		HideSolutionNode = FALSE
	EndGlobalSection
	GlobalSection(ExtensibilityGlobals) = postSolution
		SolutionGuid = {AC1C0E74-CD3A-4EE1-95A7-F6DC294956C7}
	EndGlobalSection
EndGlobal
